
Microsoft Visual Studio Solution File, Format Version 12.00
# Visual Studio Version 17
VisualStudioVersion = 17.6.33815.320
MinimumVisualStudioVersion = 10.0.40219.1
Project("{FAE04EC0-301F-11D3-BF4B-00C04F79EFBC}") = "csharp-leetcode-clone", "csharp-leetcode-clone\csharp-leetcode-clone.csproj", "{27463E6E-2FCC-4505-BC39-5297B63ACE71}"
EndProject
Global
	GlobalSection(SolutionConfigurationPlatforms) = preSolution
		Debug|Any CPU = Debug|Any CPU
		Release|Any CPU = Release|Any CPU
	EndGlobalSection
	GlobalSection(ProjectConfigurationPlatforms) = postSolution
		{27463E6E-2FCC-4505-BC39-5297B63ACE71}.Debug|Any CPU.ActiveCfg = Debug|Any CPU
		{27463E6E-2FCC-4505-BC39-5297B63ACE71}.Debug|Any CPU.Build.0 = Debug|Any CPU
		{27463E6E-2FCC-4505-BC39-5297B63ACE71}.Release|Any CPU.ActiveCfg = Release|Any CPU
		{27463E6E-2FCC-4505-BC39-5297B63ACE71}.Release|Any CPU.Build.0 = Release|Any CPU
	EndGlobalSection
	GlobalSection(SolutionProperties) = preSolution
		HideSolutionNode = FALSE
	EndGlobalSection
	GlobalSection(ExtensibilityGlobals) = postSolution
		SolutionGuid = {3969DC80-2C5B-4F0B-B311-E56DE389A9BB}
	EndGlobalSection
EndGlobal
